
Microsoft Visual Studio Solution File, Format Version 12.00
# Visual Studio Version 16
VisualStudioVersion = 16.0.29509.3
MinimumVisualStudioVersion = 10.0.40219.1
Project("{FAE04EC0-301F-11D3-BF4B-00C04F79EFBC}") = "RazorPagesMovie", "RazorPagesMovie\RazorPagesMovie.csproj", "{B16B1879-3B4E-47B1-8230-8BC39E26F0EA}"
EndProject
Global
	GlobalSection(SolutionConfigurationPlatforms) = preSolution
		Debug|Any CPU = Debug|Any CPU
		Release|Any CPU = Release|Any CPU
	EndGlobalSection
	GlobalSection(ProjectConfigurationPlatforms) = postSolution
		{B16B1879-3B4E-47B1-8230-8BC39E26F0EA}.Debug|Any CPU.ActiveCfg = Debug|Any CPU
		{B16B1879-3B4E-47B1-8230-8BC39E26F0EA}.Debug|Any CPU.Build.0 = Debug|Any CPU
		{B16B1879-3B4E-47B1-8230-8BC39E26F0EA}.Release|Any CPU.ActiveCfg = Release|Any CPU
		{B16B1879-3B4E-47B1-8230-8BC39E26F0EA}.Release|Any CPU.Build.0 = Release|Any CPU
	EndGlobalSection
	GlobalSection(SolutionProperties) = preSolution
		HideSolutionNode = FALSE
	EndGlobalSection
	GlobalSection(ExtensibilityGlobals) = postSolution
		SolutionGuid = {E7EA4377-C963-4009-99BF-6705021138E5}
	EndGlobalSection
EndGlobal
